
Microsoft Visual Studio Solution File, Format Version 12.00
# Visual Studio Version 17
VisualStudioVersion = 17.8.34205.153
MinimumVisualStudioVersion = 10.0.40219.1
Project("{FAE04EC0-301F-11D3-BF4B-00C04F79EFBC}") = "bai_1", "bai_1\bai_1.csproj", "{2CDF4EC2-8318-477D-934D-F3A7CDA5D776}"
EndProject
Project("{FAE04EC0-301F-11D3-BF4B-00C04F79EFBC}") = "bai_2", "bai_2\bai_2.csproj", "{AADC44A2-49A8-4128-BAE1-833C6D114139}"
EndProject
Global
	GlobalSection(SolutionConfigurationPlatforms) = preSolution
		Debug|Any CPU = Debug|Any CPU
		Release|Any CPU = Release|Any CPU
	EndGlobalSection
	GlobalSection(ProjectConfigurationPlatforms) = postSolution
		{2CDF4EC2-8318-477D-934D-F3A7CDA5D776}.Debug|Any CPU.ActiveCfg = Debug|Any CPU
		{2CDF4EC2-8318-477D-934D-F3A7CDA5D776}.Debug|Any CPU.Build.0 = Debug|Any CPU
		{2CDF4EC2-8318-477D-934D-F3A7CDA5D776}.Release|Any CPU.ActiveCfg = Release|Any CPU
		{2CDF4EC2-8318-477D-934D-F3A7CDA5D776}.Release|Any CPU.Build.0 = Release|Any CPU
		{AADC44A2-49A8-4128-BAE1-833C6D114139}.Debug|Any CPU.ActiveCfg = Debug|Any CPU
		{AADC44A2-49A8-4128-BAE1-833C6D114139}.Debug|Any CPU.Build.0 = Debug|Any CPU
		{AADC44A2-49A8-4128-BAE1-833C6D114139}.Release|Any CPU.ActiveCfg = Release|Any CPU
		{AADC44A2-49A8-4128-BAE1-833C6D114139}.Release|Any CPU.Build.0 = Release|Any CPU
	EndGlobalSection
	GlobalSection(SolutionProperties) = preSolution
		HideSolutionNode = FALSE
	EndGlobalSection
	GlobalSection(ExtensibilityGlobals) = postSolution
		SolutionGuid = {9EF57743-6371-466A-9505-95B9C9D7E412}
	EndGlobalSection
EndGlobal
